
Microsoft Visual Studio Solution File, Format Version 12.00
# Visual Studio Version 16
VisualStudioVersion = 16.0.31019.35
MinimumVisualStudioVersion = 10.0.40219.1
Project("{FAE04EC0-301F-11D3-BF4B-00C04F79EFBC}") = "Snake_And_Ladder", "Snake_And_Ladder\Snake_And_Ladder.csproj", "{C6368B35-F4CD-4244-8481-669F2AB557D7}"
EndProject
Global
	GlobalSection(SolutionConfigurationPlatforms) = preSolution
		Debug|Any CPU = Debug|Any CPU
		Release|Any CPU = Release|Any CPU
	EndGlobalSection
	GlobalSection(ProjectConfigurationPlatforms) = postSolution
		{C6368B35-F4CD-4244-8481-669F2AB557D7}.Debug|Any CPU.ActiveCfg = Debug|Any CPU
		{C6368B35-F4CD-4244-8481-669F2AB557D7}.Debug|Any CPU.Build.0 = Debug|Any CPU
		{C6368B35-F4CD-4244-8481-669F2AB557D7}.Release|Any CPU.ActiveCfg = Release|Any CPU
		{C6368B35-F4CD-4244-8481-669F2AB557D7}.Release|Any CPU.Build.0 = Release|Any CPU
	EndGlobalSection
	GlobalSection(SolutionProperties) = preSolution
		HideSolutionNode = FALSE
	EndGlobalSection
	GlobalSection(ExtensibilityGlobals) = postSolution
		SolutionGuid = {2684C7DA-E225-46A7-8F5F-64064D63F4E2}
	EndGlobalSection
EndGlobal
